// !$*UTF8*$!
{
	archiveVersion = 1;
	classes = {
	};
	objectVersion = 56;
	objects = {

/* Begin PBXBuildFile section */
		ED0ABB3A2A2E560A00AD69B8 /* AppDelegate.swift in Sources */ = {isa = PBXBuildFile; fileRef = ED0ABB392A2E560A00AD69B8 /* AppDelegate.swift */; };
		ED0ABB3C2A2E560A00AD69B8 /* SceneDelegate.swift in Sources */ = {isa = PBXBuildFile; fileRef = ED0ABB3B2A2E560A00AD69B8 /* SceneDelegate.swift */; };
		ED0ABB3E2A2E560A00AD69B8 /* HomeViewController.swift in Sources */ = {isa = PBXBuildFile; fileRef = ED0ABB3D2A2E560A00AD69B8 /* HomeViewController.swift */; };
		ED0ABB432A2E560B00AD69B8 /* Assets.xcassets in Resources */ = {isa = PBXBuildFile; fileRef = ED0ABB422A2E560B00AD69B8 /* Assets.xcassets */; };
		ED0ABB462A2E560B00AD69B8 /* LaunchScreen.storyboard in Resources */ = {isa = PBXBuildFile; fileRef = ED0ABB442A2E560B00AD69B8 /* LaunchScreen.storyboard */; };
		ED0ABB562A2E57A300AD69B8 /* Extensions.swift in Sources */ = {isa = PBXBuildFile; fileRef = ED0ABB552A2E57A300AD69B8 /* Extensions.swift */; };
		ED0ABB592A2E582700AD69B8 /* SnapKit in Frameworks */ = {isa = PBXBuildFile; productRef = ED0ABB582A2E582700AD69B8 /* SnapKit */; };
		ED0ABB5C2A2E590D00AD69B8 /* WeatherModel.swift in Sources */ = {isa = PBXBuildFile; fileRef = ED0ABB5B2A2E590D00AD69B8 /* WeatherModel.swift */; };
		ED0ABB5F2A2E594D00AD69B8 /* WeatherHorizontalStackView.swift in Sources */ = {isa = PBXBuildFile; fileRef = ED0ABB5E2A2E594D00AD69B8 /* WeatherHorizontalStackView.swift */; };
		ED53A13F2A2F400E00D8059F /* NetworkManager.swift in Sources */ = {isa = PBXBuildFile; fileRef = ED53A13E2A2F400E00D8059F /* NetworkManager.swift */; };
		ED53A1412A2F401700D8059F /* NetworkHelper.swift in Sources */ = {isa = PBXBuildFile; fileRef = ED53A1402A2F401700D8059F /* NetworkHelper.swift */; };
		ED53A1432A2F493400D8059F /* HomeViewModel.swift in Sources */ = {isa = PBXBuildFile; fileRef = ED53A1422A2F493400D8059F /* HomeViewModel.swift */; };
		ED53A1462A2F80DC00D8059F /* SkeletonView in Frameworks */ = {isa = PBXBuildFile; productRef = ED53A1452A2F80DC00D8059F /* SkeletonView */; };
/* End PBXBuildFile section */

/* Begin PBXFileReference section */
		ED0ABB362A2E560A00AD69B8 /* WeatherAPP.app */ = {isa = PBXFileReference; explicitFileType = wrapper.application; includeInIndex = 0; path = WeatherAPP.app; sourceTree = BUILT_PRODUCTS_DIR; };
		ED0ABB392A2E560A00AD69B8 /* AppDelegate.swift */ = {isa = PBXFileReference; lastKnownFileType = sourcecode.swift; path = AppDelegate.swift; sourceTree = "<group>"; };
		ED0ABB3B2A2E560A00AD69B8 /* SceneDelegate.swift */ = {isa = PBXFileReference; lastKnownFileType = sourcecode.swift; path = SceneDelegate.swift; sourceTree = "<group>"; };
		ED0ABB3D2A2E560A00AD69B8 /* HomeViewController.swift */ = {isa = PBXFileReference; lastKnownFileType = sourcecode.swift; path = HomeViewController.swift; sourceTree = "<group>"; };
		ED0ABB422A2E560B00AD69B8 /* Assets.xcassets */ = {isa = PBXFileReference; lastKnownFileType = folder.assetcatalog; path = Assets.xcassets; sourceTree = "<group>"; };
		ED0ABB452A2E560B00AD69B8 /* Base */ = {isa = PBXFileReference; lastKnownFileType = file.storyboard; name = Base; path = Base.lproj/LaunchScreen.storyboard; sourceTree = "<group>"; };
		ED0ABB472A2E560B00AD69B8 /* Info.plist */ = {isa = PBXFileReference; lastKnownFileType = text.plist.xml; path = Info.plist; sourceTree = "<group>"; };
		ED0ABB552A2E57A300AD69B8 /* Extensions.swift */ = {isa = PBXFileReference; lastKnownFileType = sourcecode.swift; path = Extensions.swift; sourceTree = "<group>"; };
		ED0ABB5B2A2E590D00AD69B8 /* WeatherModel.swift */ = {isa = PBXFileReference; lastKnownFileType = sourcecode.swift; path = WeatherModel.swift; sourceTree = "<group>"; };
		ED0ABB5E2A2E594D00AD69B8 /* WeatherHorizontalStackView.swift */ = {isa = PBXFileReference; lastKnownFileType = sourcecode.swift; path = WeatherHorizontalStackView.swift; sourceTree = "<group>"; };
		ED53A13E2A2F400E00D8059F /* NetworkManager.swift */ = {isa = PBXFileReference; lastKnownFileType = sourcecode.swift; path = NetworkManager.swift; sourceTree = "<group>"; };
		ED53A1402A2F401700D8059F /* NetworkHelper.swift */ = {isa = PBXFileReference; lastKnownFileType = sourcecode.swift; path = NetworkHelper.swift; sourceTree = "<group>"; };
		ED53A1422A2F493400D8059F /* HomeViewModel.swift */ = {isa = PBXFileReference; lastKnownFileType = sourcecode.swift; path = HomeViewModel.swift; sourceTree = "<group>"; };
/* End PBXFileReference section */

/* Begin PBXFrameworksBuildPhase section */
		ED0ABB332A2E560A00AD69B8 /* Frameworks */ = {
			isa = PBXFrameworksBuildPhase;
			buildActionMask = 2147483647;
			files = (
				ED53A1462A2F80DC00D8059F /* SkeletonView in Frameworks */,
				ED0ABB592A2E582700AD69B8 /* SnapKit in Frameworks */,
			);
			runOnlyForDeploymentPostprocessing = 0;
		};
/* End PBXFrameworksBuildPhase section */

/* Begin PBXGroup section */
		ED0ABB2D2A2E560A00AD69B8 = {
			isa = PBXGroup;
			children = (
				ED0ABB382A2E560A00AD69B8 /* WeatherAPP */,
				ED0ABB372A2E560A00AD69B8 /* Products */,
			);
			sourceTree = "<group>";
		};
		ED0ABB372A2E560A00AD69B8 /* Products */ = {
			isa = PBXGroup;
			children = (
				ED0ABB362A2E560A00AD69B8 /* WeatherAPP.app */,
			);
			name = Products;
			sourceTree = "<group>";
		};
		ED0ABB382A2E560A00AD69B8 /* WeatherAPP */ = {
			isa = PBXGroup;
			children = (
				ED0ABB4E2A2E564F00AD69B8 /* App */,
				ED0ABB542A2E566700AD69B8 /* Helpers */,
				ED0ABB532A2E566500AD69B8 /* Service */,
				ED0ABB4D2A2E564D00AD69B8 /* Scene */,
				ED0ABB472A2E560B00AD69B8 /* Info.plist */,
			);
			path = WeatherAPP;
			sourceTree = "<group>";
		};
		ED0ABB4D2A2E564D00AD69B8 /* Scene */ = {
			isa = PBXGroup;
			children = (
				ED0ABB3D2A2E560A00AD69B8 /* HomeViewController.swift */,
				ED0ABB5A2A2E590500AD69B8 /* Model */,
				ED0ABB5D2A2E591200AD69B8 /* View */,
				ED0ABB522A2E566400AD69B8 /* ViewModel */,
			);
			path = Scene;
			sourceTree = "<group>";
		};
		ED0ABB4E2A2E564F00AD69B8 /* App */ = {
			isa = PBXGroup;
			children = (
				ED0ABB502A2E566000AD69B8 /* Delegates */,
				ED0ABB512A2E566200AD69B8 /* Resources */,
			);
			path = App;
			sourceTree = "<group>";
		};
		ED0ABB502A2E566000AD69B8 /* Delegates */ = {
			isa = PBXGroup;
			children = (
				ED0ABB392A2E560A00AD69B8 /* AppDelegate.swift */,
				ED0ABB3B2A2E560A00AD69B8 /* SceneDelegate.swift */,
			);
			path = Delegates;
			sourceTree = "<group>";
		};
		ED0ABB512A2E566200AD69B8 /* Resources */ = {
			isa = PBXGroup;
			children = (
				ED0ABB422A2E560B00AD69B8 /* Assets.xcassets */,
				ED0ABB442A2E560B00AD69B8 /* LaunchScreen.storyboard */,
			);
			path = Resources;
			sourceTree = "<group>";
		};
		ED0ABB522A2E566400AD69B8 /* ViewModel */ = {
			isa = PBXGroup;
			children = (
				ED53A1422A2F493400D8059F /* HomeViewModel.swift */,
			);
			path = ViewModel;
			sourceTree = "<group>";
		};
		ED0ABB532A2E566500AD69B8 /* Service */ = {
			isa = PBXGroup;
			children = (
				ED53A13E2A2F400E00D8059F /* NetworkManager.swift */,
				ED53A1402A2F401700D8059F /* NetworkHelper.swift */,
			);
			path = Service;
			sourceTree = "<group>";
		};
		ED0ABB542A2E566700AD69B8 /* Helpers */ = {
			isa = PBXGroup;
			children = (
				ED53A13B2A2F3CB000D8059F /* CustomUIElements */,
				ED0ABB552A2E57A300AD69B8 /* Extensions.swift */,
			);
			path = Helpers;
			sourceTree = "<group>";
		};
		ED0ABB5A2A2E590500AD69B8 /* Model */ = {
			isa = PBXGroup;
			children = (
				ED0ABB5B2A2E590D00AD69B8 /* WeatherModel.swift */,
			);
			path = Model;
			sourceTree = "<group>";
		};
		ED0ABB5D2A2E591200AD69B8 /* View */ = {
			isa = PBXGroup;
			children = (
				ED0ABB5E2A2E594D00AD69B8 /* WeatherHorizontalStackView.swift */,
			);
			path = View;
			sourceTree = "<group>";
		};
		ED53A13B2A2F3CB000D8059F /* CustomUIElements */ = {
			isa = PBXGroup;
			children = (
			);
			path = CustomUIElements;
			sourceTree = "<group>";
		};
/* End PBXGroup section */

/* Begin PBXNativeTarget section */
		ED0ABB352A2E560A00AD69B8 /* WeatherAPP */ = {
			isa = PBXNativeTarget;
			buildConfigurationList = ED0ABB4A2A2E560B00AD69B8 /* Build configuration list for PBXNativeTarget "WeatherAPP" */;
			buildPhases = (
				ED0ABB322A2E560A00AD69B8 /* Sources */,
				ED0ABB332A2E560A00AD69B8 /* Frameworks */,
				ED0ABB342A2E560A00AD69B8 /* Resources */,
			);
			buildRules = (
			);
			dependencies = (
			);
			name = WeatherAPP;
			packageProductDependencies = (
				ED0ABB582A2E582700AD69B8 /* SnapKit */,
				ED53A1452A2F80DC00D8059F /* SkeletonView */,
			);
			productName = WeatherAPP;
			productReference = ED0ABB362A2E560A00AD69B8 /* WeatherAPP.app */;
			productType = "com.apple.product-type.application";
		};
/* End PBXNativeTarget section */

/* Begin PBXProject section */
		ED0ABB2E2A2E560A00AD69B8 /* Project object */ = {
			isa = PBXProject;
			attributes = {
				BuildIndependentTargetsInParallel = 1;
				LastSwiftUpdateCheck = 1430;
				LastUpgradeCheck = 1430;
				TargetAttributes = {
					ED0ABB352A2E560A00AD69B8 = {
						CreatedOnToolsVersion = 14.3;
					};
				};
			};
			buildConfigurationList = ED0ABB312A2E560A00AD69B8 /* Build configuration list for PBXProject "WeatherAPP" */;
			compatibilityVersion = "Xcode 14.0";
			developmentRegion = en;
			hasScannedForEncodings = 0;
			knownRegions = (
				en,
				Base,
			);
			mainGroup = ED0ABB2D2A2E560A00AD69B8;
			packageReferences = (
				ED0ABB572A2E582700AD69B8 /* XCRemoteSwiftPackageReference "SnapKit" */,
				ED53A1442A2F80DC00D8059F /* XCRemoteSwiftPackageReference "SkeletonView" */,
			);
			productRefGroup = ED0ABB372A2E560A00AD69B8 /* Products */;
			projectDirPath = "";
			projectRoot = "";
			targets = (
				ED0ABB352A2E560A00AD69B8 /* WeatherAPP */,
			);
		};
/* End PBXProject section */

/* Begin PBXResourcesBuildPhase section */
		ED0ABB342A2E560A00AD69B8 /* Resources */ = {
			isa = PBXResourcesBuildPhase;
			buildActionMask = 2147483647;
			files = (
				ED0ABB462A2E560B00AD69B8 /* LaunchScreen.storyboard in Resources */,
				ED0ABB432A2E560B00AD69B8 /* Assets.xcassets in Resources */,
			);
			runOnlyForDeploymentPostprocessing = 0;
		};
/* End PBXResourcesBuildPhase section */

/* Begin PBXSourcesBuildPhase section */
		ED0ABB322A2E560A00AD69B8 /* Sources */ = {
			isa = PBXSourcesBuildPhase;
			buildActionMask = 2147483647;
			files = (
				ED53A1412A2F401700D8059F /* NetworkHelper.swift in Sources */,
				ED0ABB3E2A2E560A00AD69B8 /* HomeViewController.swift in Sources */,
				ED53A1432A2F493400D8059F /* HomeViewModel.swift in Sources */,
				ED0ABB3A2A2E560A00AD69B8 /* AppDelegate.swift in Sources */,
				ED0ABB5F2A2E594D00AD69B8 /* WeatherHorizontalStackView.swift in Sources */,
				ED53A13F2A2F400E00D8059F /* NetworkManager.swift in Sources */,
				ED0ABB3C2A2E560A00AD69B8 /* SceneDelegate.swift in Sources */,
				ED0ABB562A2E57A300AD69B8 /* Extensions.swift in Sources */,
				ED0ABB5C2A2E590D00AD69B8 /* WeatherModel.swift in Sources */,
			);
			runOnlyForDeploymentPostprocessing = 0;
		};
/* End PBXSourcesBuildPhase section */

/* Begin PBXVariantGroup section */
		ED0ABB442A2E560B00AD69B8 /* LaunchScreen.storyboard */ = {
			isa = PBXVariantGroup;
			children = (
				ED0ABB452A2E560B00AD69B8 /* Base */,
			);
			name = LaunchScreen.storyboard;
			sourceTree = "<group>";
		};
/* End PBXVariantGroup section */

/* Begin XCBuildConfiguration section */
		ED0ABB482A2E560B00AD69B8 /* Debug */ = {
			isa = XCBuildConfiguration;
			buildSettings = {
				ALWAYS_SEARCH_USER_PATHS = NO;
				CLANG_ANALYZER_NONNULL = YES;
				CLANG_ANALYZER_NUMBER_OBJECT_CONVERSION = YES_AGGRESSIVE;
				CLANG_CXX_LANGUAGE_STANDARD = "gnu++20";
				CLANG_ENABLE_MODULES = YES;
				CLANG_ENABLE_OBJC_ARC = YES;
				CLANG_ENABLE_OBJC_WEAK = YES;
				CLANG_WARN_BLOCK_CAPTURE_AUTORELEASING = YES;
				CLANG_WARN_BOOL_CONVERSION = YES;
				CLANG_WARN_COMMA = YES;
				CLANG_WARN_CONSTANT_CONVERSION = YES;
				CLANG_WARN_DEPRECATED_OBJC_IMPLEMENTATIONS = YES;
				CLANG_WARN_DIRECT_OBJC_ISA_USAGE = YES_ERROR;
				CLANG_WARN_DOCUMENTATION_COMMENTS = YES;
				CLANG_WARN_EMPTY_BODY = YES;
				CLANG_WARN_ENUM_CONVERSION = YES;
				CLANG_WARN_INFINITE_RECURSION = YES;
				CLANG_WARN_INT_CONVERSION = YES;
				CLANG_WARN_NON_LITERAL_NULL_CONVERSION = YES;
				CLANG_WARN_OBJC_IMPLICIT_RETAIN_SELF = YES;
				CLANG_WARN_OBJC_LITERAL_CONVERSION = YES;
				CLANG_WARN_OBJC_ROOT_CLASS = YES_ERROR;
				CLANG_WARN_QUOTED_INCLUDE_IN_FRAMEWORK_HEADER = YES;
				CLANG_WARN_RANGE_LOOP_ANALYSIS = YES;
				CLANG_WARN_STRICT_PROTOTYPES = YES;
				CLANG_WARN_SUSPICIOUS_MOVE = YES;
				CLANG_WARN_UNGUARDED_AVAILABILITY = YES_AGGRESSIVE;
				CLANG_WARN_UNREACHABLE_CODE = YES;
				CLANG_WARN__DUPLICATE_METHOD_MATCH = YES;
				COPY_PHASE_STRIP = NO;
				DEBUG_INFORMATION_FORMAT = dwarf;
				ENABLE_STRICT_OBJC_MSGSEND = YES;
				ENABLE_TESTABILITY = YES;
				GCC_C_LANGUAGE_STANDARD = gnu11;
				GCC_DYNAMIC_NO_PIC = NO;
				GCC_NO_COMMON_BLOCKS = YES;
				GCC_OPTIMIZATION_LEVEL = 0;
				GCC_PREPROCESSOR_DEFINITIONS = (
					"DEBUG=1",
					"$(inherited)",
				);
				GCC_WARN_64_TO_32_BIT_CONVERSION = YES;
				GCC_WARN_ABOUT_RETURN_TYPE = YES_ERROR;
				GCC_WARN_UNDECLARED_SELECTOR = YES;
				GCC_WARN_UNINITIALIZED_AUTOS = YES_AGGRESSIVE;
				GCC_WARN_UNUSED_FUNCTION = YES;
				GCC_WARN_UNUSED_VARIABLE = YES;
				IPHONEOS_DEPLOYMENT_TARGET = 16.4;
				MTL_ENABLE_DEBUG_INFO = INCLUDE_SOURCE;
				MTL_FAST_MATH = YES;
				ONLY_ACTIVE_ARCH = YES;
				SDKROOT = iphoneos;
				SWIFT_ACTIVE_COMPILATION_CONDITIONS = DEBUG;
				SWIFT_OPTIMIZATION_LEVEL = "-Onone";
			};
			name = Debug;
		};
		ED0ABB492A2E560B00AD69B8 /* Release */ = {
			isa = XCBuildConfiguration;
			buildSettings = {
				ALWAYS_SEARCH_USER_PATHS = NO;
				CLANG_ANALYZER_NONNULL = YES;
				CLANG_ANALYZER_NUMBER_OBJECT_CONVERSION = YES_AGGRESSIVE;
				CLANG_CXX_LANGUAGE_STANDARD = "gnu++20";
				CLANG_ENABLE_MODULES = YES;
				CLANG_ENABLE_OBJC_ARC = YES;
				CLANG_ENABLE_OBJC_WEAK = YES;
				CLANG_WARN_BLOCK_CAPTURE_AUTORELEASING = YES;
				CLANG_WARN_BOOL_CONVERSION = YES;
				CLANG_WARN_COMMA = YES;
				CLANG_WARN_CONSTANT_CONVERSION = YES;
				CLANG_WARN_DEPRECATED_OBJC_IMPLEMENTATIONS = YES;
				CLANG_WARN_DIRECT_OBJC_ISA_USAGE = YES_ERROR;
				CLANG_WARN_DOCUMENTATION_COMMENTS = YES;
				CLANG_WARN_EMPTY_BODY = YES;
				CLANG_WARN_ENUM_CONVERSION = YES;
				CLANG_WARN_INFINITE_RECURSION = YES;
				CLANG_WARN_INT_CONVERSION = YES;
				CLANG_WARN_NON_LITERAL_NULL_CONVERSION = YES;
				CLANG_WARN_OBJC_IMPLICIT_RETAIN_SELF = YES;
				CLANG_WARN_OBJC_LITERAL_CONVERSION = YES;
				CLANG_WARN_OBJC_ROOT_CLASS = YES_ERROR;
				CLANG_WARN_QUOTED_INCLUDE_IN_FRAMEWORK_HEADER = YES;
				CLANG_WARN_RANGE_LOOP_ANALYSIS = YES;
				CLANG_WARN_STRICT_PROTOTYPES = YES;
				CLANG_WARN_SUSPICIOUS_MOVE = YES;
				CLANG_WARN_UNGUARDED_AVAILABILITY = YES_AGGRESSIVE;
				CLANG_WARN_UNREACHABLE_CODE = YES;
				CLANG_WARN__DUPLICATE_METHOD_MATCH = YES;
				COPY_PHASE_STRIP = NO;
				DEBUG_INFORMATION_FORMAT = "dwarf-with-dsym";
				ENABLE_NS_ASSERTIONS = NO;
				ENABLE_STRICT_OBJC_MSGSEND = YES;
				GCC_C_LANGUAGE_STANDARD = gnu11;
				GCC_NO_COMMON_BLOCKS = YES;
				GCC_WARN_64_TO_32_BIT_CONVERSION = YES;
				GCC_WARN_ABOUT_RETURN_TYPE = YES_ERROR;
				GCC_WARN_UNDECLARED_SELECTOR = YES;
				GCC_WARN_UNINITIALIZED_AUTOS = YES_AGGRESSIVE;
				GCC_WARN_UNUSED_FUNCTION = YES;
				GCC_WARN_UNUSED_VARIABLE = YES;
				IPHONEOS_DEPLOYMENT_TARGET = 16.4;
				MTL_ENABLE_DEBUG_INFO = NO;
				MTL_FAST_MATH = YES;
				SDKROOT = iphoneos;
				SWIFT_COMPILATION_MODE = wholemodule;
				SWIFT_OPTIMIZATION_LEVEL = "-O";
				VALIDATE_PRODUCT = YES;
			};
			name = Release;
		};
		ED0ABB4B2A2E560B00AD69B8 /* Debug */ = {
			isa = XCBuildConfiguration;
			buildSettings = {
				ASSETCATALOG_COMPILER_APPICON_NAME = AppIcon;
				ASSETCATALOG_COMPILER_GLOBAL_ACCENT_COLOR_NAME = AccentColor;
				CODE_SIGN_STYLE = Automatic;
				CURRENT_PROJECT_VERSION = 1;
				GENERATE_INFOPLIST_FILE = YES;
				INFOPLIST_FILE = WeatherAPP/Info.plist;
				INFOPLIST_KEY_UIApplicationSupportsIndirectInputEvents = YES;
				INFOPLIST_KEY_UILaunchStoryboardName = LaunchScreen;
				INFOPLIST_KEY_UIMainStoryboardFile = "";
				INFOPLIST_KEY_UISupportedInterfaceOrientations_iPad = "UIInterfaceOrientationPortrait UIInterfaceOrientationPortraitUpsideDown UIInterfaceOrientationLandscapeLeft UIInterfaceOrientationLandscapeRight";
				INFOPLIST_KEY_UISupportedInterfaceOrientations_iPhone = "UIInterfaceOrientationPortrait UIInterfaceOrientationLandscapeLeft UIInterfaceOrientationLandscapeRight";
				LD_RUNPATH_SEARCH_PATHS = (
					"$(inherited)",
					"@executable_path/Frameworks",
				);
				MARKETING_VERSION = 1.0;
				PRODUCT_BUNDLE_IDENTIFIER = bugraozugurlu.WeatherAPP;
				PRODUCT_NAME = "$(TARGET_NAME)";
				SWIFT_EMIT_LOC_STRINGS = YES;
				SWIFT_VERSION = 5.0;
				TARGETED_DEVICE_FAMILY = "1,2";
			};
			name = Debug;
		};
		ED0ABB4C2A2E560B00AD69B8 /* Release */ = {
			isa = XCBuildConfiguration;
			buildSettings = {
				ASSETCATALOG_COMPILER_APPICON_NAME = AppIcon;
				ASSETCATALOG_COMPILER_GLOBAL_ACCENT_COLOR_NAME = AccentColor;
				CODE_SIGN_STYLE = Automatic;
				CURRENT_PROJECT_VERSION = 1;
				GENERATE_INFOPLIST_FILE = YES;
				INFOPLIST_FILE = WeatherAPP/Info.plist;
				INFOPLIST_KEY_UIApplicationSupportsIndirectInputEvents = YES;
				INFOPLIST_KEY_UILaunchStoryboardName = LaunchScreen;
				INFOPLIST_KEY_UIMainStoryboardFile = "";
				INFOPLIST_KEY_UISupportedInterfaceOrientations_iPad = "UIInterfaceOrientationPortrait UIInterfaceOrientationPortraitUpsideDown UIInterfaceOrientationLandscapeLeft UIInterfaceOrientationLandscapeRight";
				INFOPLIST_KEY_UISupportedInterfaceOrientations_iPhone = "UIInterfaceOrientationPortrait UIInterfaceOrientationLandscapeLeft UIInterfaceOrientationLandscapeRight";
				LD_RUNPATH_SEARCH_PATHS = (
					"$(inherited)",
					"@executable_path/Frameworks",
				);
				MARKETING_VERSION = 1.0;
				PRODUCT_BUNDLE_IDENTIFIER = bugraozugurlu.WeatherAPP;
				PRODUCT_NAME = "$(TARGET_NAME)";
				SWIFT_EMIT_LOC_STRINGS = YES;
				SWIFT_VERSION = 5.0;
				TARGETED_DEVICE_FAMILY = "1,2";
			};
			name = Release;
		};
/* End XCBuildConfiguration section */

/* Begin XCConfigurationList section */
		ED0ABB312A2E560A00AD69B8 /* Build configuration list for PBXProject "WeatherAPP" */ = {
			isa = XCConfigurationList;
			buildConfigurations = (
				ED0ABB482A2E560B00AD69B8 /* Debug */,
				ED0ABB492A2E560B00AD69B8 /* Release */,
			);
			defaultConfigurationIsVisible = 0;
			defaultConfigurationName = Release;
		};
		ED0ABB4A2A2E560B00AD69B8 /* Build configuration list for PBXNativeTarget "WeatherAPP" */ = {
			isa = XCConfigurationList;
			buildConfigurations = (
				ED0ABB4B2A2E560B00AD69B8 /* Debug */,
				ED0ABB4C2A2E560B00AD69B8 /* Release */,
			);
			defaultConfigurationIsVisible = 0;
			defaultConfigurationName = Release;
		};
/* End XCConfigurationList section */

/* Begin XCRemoteSwiftPackageReference section */
		ED0ABB572A2E582700AD69B8 /* XCRemoteSwiftPackageReference "SnapKit" */ = {
			isa = XCRemoteSwiftPackageReference;
			repositoryURL = "https://github.com/SnapKit/SnapKit.git";
			requirement = {
				kind = upToNextMajorVersion;
				minimumVersion = 5.0.0;
			};
		};
		ED53A1442A2F80DC00D8059F /* XCRemoteSwiftPackageReference "SkeletonView" */ = {
			isa = XCRemoteSwiftPackageReference;
			repositoryURL = "https://github.com/Juanpe/SkeletonView.git";
			requirement = {
				kind = upToNextMajorVersion;
				minimumVersion = 1.0.0;
			};
		};
/* End XCRemoteSwiftPackageReference section */

/* Begin XCSwiftPackageProductDependency section */
		ED0ABB582A2E582700AD69B8 /* SnapKit */ = {
			isa = XCSwiftPackageProductDependency;
			package = ED0ABB572A2E582700AD69B8 /* XCRemoteSwiftPackageReference "SnapKit" */;
			productName = SnapKit;
		};
		ED53A1452A2F80DC00D8059F /* SkeletonView */ = {
			isa = XCSwiftPackageProductDependency;
			package = ED53A1442A2F80DC00D8059F /* XCRemoteSwiftPackageReference "SkeletonView" */;
			productName = SkeletonView;
		};
/* End XCSwiftPackageProductDependency section */
	};
	rootObject = ED0ABB2E2A2E560A00AD69B8 /* Project object */;
}
